
Microsoft Visual Studio Solution File, Format Version 12.00
# Visual Studio Version 17
VisualStudioVersion = 17.7.34024.191
MinimumVisualStudioVersion = 10.0.40219.1
Project("{9A19103F-16F7-4668-BE54-9A1E7A4F7556}") = "Serilog.ConsoleApp", "Serilog.ConsoleApp\Serilog.ConsoleApp.csproj", "{F8F96417-BA71-4FB0-B089-03FDCF647116}"
EndProject
Project("{9A19103F-16F7-4668-BE54-9A1E7A4F7556}") = "Serilog.File", "Serilog.File\Serilog.File.csproj", "{3BBCF582-8FD6-49DF-B271-1690C7D35BD2}"
EndProject
Project("{FAE04EC0-301F-11D3-BF4B-00C04F79EFBC}") = "SerilogPruebaAsp", "SerilogPruebaAsp\SerilogPruebaAsp.csproj", "{0EFD50AD-0C0E-4F79-B920-396D17FCF1D6}"
EndProject
Global
	GlobalSection(SolutionConfigurationPlatforms) = preSolution
		Debug|Any CPU = Debug|Any CPU
		Release|Any CPU = Release|Any CPU
	EndGlobalSection
	GlobalSection(ProjectConfigurationPlatforms) = postSolution
		{F8F96417-BA71-4FB0-B089-03FDCF647116}.Debug|Any CPU.ActiveCfg = Debug|Any CPU
		{F8F96417-BA71-4FB0-B089-03FDCF647116}.Debug|Any CPU.Build.0 = Debug|Any CPU
		{F8F96417-BA71-4FB0-B089-03FDCF647116}.Release|Any CPU.ActiveCfg = Release|Any CPU
		{F8F96417-BA71-4FB0-B089-03FDCF647116}.Release|Any CPU.Build.0 = Release|Any CPU
		{3BBCF582-8FD6-49DF-B271-1690C7D35BD2}.Debug|Any CPU.ActiveCfg = Debug|Any CPU
		{3BBCF582-8FD6-49DF-B271-1690C7D35BD2}.Debug|Any CPU.Build.0 = Debug|Any CPU
		{3BBCF582-8FD6-49DF-B271-1690C7D35BD2}.Release|Any CPU.ActiveCfg = Release|Any CPU
		{3BBCF582-8FD6-49DF-B271-1690C7D35BD2}.Release|Any CPU.Build.0 = Release|Any CPU
		{0EFD50AD-0C0E-4F79-B920-396D17FCF1D6}.Debug|Any CPU.ActiveCfg = Debug|Any CPU
		{0EFD50AD-0C0E-4F79-B920-396D17FCF1D6}.Debug|Any CPU.Build.0 = Debug|Any CPU
		{0EFD50AD-0C0E-4F79-B920-396D17FCF1D6}.Release|Any CPU.ActiveCfg = Release|Any CPU
		{0EFD50AD-0C0E-4F79-B920-396D17FCF1D6}.Release|Any CPU.Build.0 = Release|Any CPU
	EndGlobalSection
	GlobalSection(SolutionProperties) = preSolution
		HideSolutionNode = FALSE
	EndGlobalSection
	GlobalSection(ExtensibilityGlobals) = postSolution
		SolutionGuid = {1A1F3C3C-BC99-409F-9A3E-98BCFFDE6EEB}
	EndGlobalSection
EndGlobal
